PODS:
  - JKOCLibrary (0.0.1):
    - JKOCLibrary/Core (= 0.0.1)
  - JKOCLibrary/Core (0.0.1)

DEPENDENCIES:
  - JKOCLibrary (from `../`)

EXTERNAL SOURCES:
  JKOCLibrary:
    :path: "../"

SPEC CHECKSUMS:
  JKOCLibrary: 7d8811d6780ded32d127e0bf2f6e9aaf9682e92a

PODFILE CHECKSUM: a51e470c1c29be4d5de1706d813f09e7f63f83fb

COCOAPODS: 1.11.3
